
Microsoft Visual Studio Solution File, Format Version 12.00
# Visual Studio Version 16
VisualStudioVersion = 16.0.30517.126
MinimumVisualStudioVersion = 10.0.40219.1
Project("{FAE04EC0-301F-11D3-BF4B-00C04F79EFBC}") = "SignToSeminarBackEnd", "SignToSeminarBackEnd.csproj", "{0F8BD51E-F266-45BD-97D0-F357E388FFB0}"
EndProject
Global
	GlobalSection(SolutionConfigurationPlatforms) = preSolution
		Debug|Any CPU = Debug|Any CPU
		Release|Any CPU = Release|Any CPU
	EndGlobalSection
	GlobalSection(ProjectConfigurationPlatforms) = postSolution
		{0F8BD51E-F266-45BD-97D0-F357E388FFB0}.Debug|Any CPU.ActiveCfg = Debug|Any CPU
		{0F8BD51E-F266-45BD-97D0-F357E388FFB0}.Debug|Any CPU.Build.0 = Debug|Any CPU
		{0F8BD51E-F266-45BD-97D0-F357E388FFB0}.Release|Any CPU.ActiveCfg = Release|Any CPU
		{0F8BD51E-F266-45BD-97D0-F357E388FFB0}.Release|Any CPU.Build.0 = Release|Any CPU
	EndGlobalSection
	GlobalSection(SolutionProperties) = preSolution
		HideSolutionNode = FALSE
	EndGlobalSection
	GlobalSection(ExtensibilityGlobals) = postSolution
		SolutionGuid = {79E0B425-565B-4E70-9C6C-E8B036D8593E}
	EndGlobalSection
EndGlobal
